
Microsoft Visual Studio Solution File, Format Version 12.00
# Visual Studio 15
VisualStudioVersion = 15.0.25807.0
MinimumVisualStudioVersion = 10.0.40219.1
Project("{2150E333-8FDC-42A3-9474-1A3956D46DE8}") = "Engine", "Engine", "{DC9B3936-7A35-4FB8-9207-139AA3660B3A}"
EndProject
Project("{2150E333-8FDC-42A3-9474-1A3956D46DE8}") = "Games", "Games", "{E239BCDF-4C7A-46F9-A005-86376ECADAE5}"
EndProject
Project("{8BC9CEB8-8B4A-11D0-8D11-00A0C91BC942}") = "UE4", "Intermediate\ProjectFiles\UE4.vcxproj", "{C54220B4-17ED-4AEB-B871-24CC1744D3F7}"
EndProject
Project("{8BC9CEB8-8B4A-11D0-8D11-00A0C91BC942}") = "RoomEscape", "Intermediate\ProjectFiles\RoomEscape.vcxproj", "{EB2FB9DA-BFE7-4E62-8177-E172C6B640F9}"
EndProject
Global
	GlobalSection(SolutionConfigurationPlatforms) = preSolution
		DebugGame Editor|HTML5 = DebugGame Editor|HTML5
		DebugGame Editor|Win32 = DebugGame Editor|Win32
		DebugGame Editor|Win64 = DebugGame Editor|Win64
		DebugGame|HTML5 = DebugGame|HTML5
		DebugGame|Win32 = DebugGame|Win32
		DebugGame|Win64 = DebugGame|Win64
		Development Editor|HTML5 = Development Editor|HTML5
		Development Editor|Win32 = Development Editor|Win32
		Development Editor|Win64 = Development Editor|Win64
		Development|HTML5 = Development|HTML5
		Development|Win32 = Development|Win32
		Development|Win64 = Development|Win64
		Shipping|HTML5 = Shipping|HTML5
		Shipping|Win32 = Shipping|Win32
		Shipping|Win64 = Shipping|Win64
	EndGlobalSection
	GlobalSection(ProjectConfigurationPlatforms) = postSolution
		{C54220B4-17ED-4AEB-B871-24CC1744D3F7}.DebugGame Editor|HTML5.ActiveCfg = BuiltWithUnrealBuildTool|Win32
		{C54220B4-17ED-4AEB-B871-24CC1744D3F7}.DebugGame Editor|HTML5.Build.0 = BuiltWithUnrealBuildTool|Win32
		{C54220B4-17ED-4AEB-B871-24CC1744D3F7}.DebugGame Editor|Win32.ActiveCfg = BuiltWithUnrealBuildTool|Win32
		{C54220B4-17ED-4AEB-B871-24CC1744D3F7}.DebugGame Editor|Win32.Build.0 = BuiltWithUnrealBuildTool|Win32
		{C54220B4-17ED-4AEB-B871-24CC1744D3F7}.DebugGame Editor|Win64.ActiveCfg = BuiltWithUnrealBuildTool|Win32
		{C54220B4-17ED-4AEB-B871-24CC1744D3F7}.DebugGame Editor|Win64.Build.0 = BuiltWithUnrealBuildTool|Win32
		{C54220B4-17ED-4AEB-B871-24CC1744D3F7}.DebugGame|HTML5.ActiveCfg = BuiltWithUnrealBuildTool|Win32
		{C54220B4-17ED-4AEB-B871-24CC1744D3F7}.DebugGame|HTML5.Build.0 = BuiltWithUnrealBuildTool|Win32
		{C54220B4-17ED-4AEB-B871-24CC1744D3F7}.DebugGame|Win32.ActiveCfg = BuiltWithUnrealBuildTool|Win32
		{C54220B4-17ED-4AEB-B871-24CC1744D3F7}.DebugGame|Win32.Build.0 = BuiltWithUnrealBuildTool|Win32
		{C54220B4-17ED-4AEB-B871-24CC1744D3F7}.DebugGame|Win64.ActiveCfg = BuiltWithUnrealBuildTool|Win32
		{C54220B4-17ED-4AEB-B871-24CC1744D3F7}.DebugGame|Win64.Build.0 = BuiltWithUnrealBuildTool|Win32
		{C54220B4-17ED-4AEB-B871-24CC1744D3F7}.Development Editor|HTML5.ActiveCfg = BuiltWithUnrealBuildTool|Win32
		{C54220B4-17ED-4AEB-B871-24CC1744D3F7}.Development Editor|HTML5.Build.0 = BuiltWithUnrealBuildTool|Win32
		{C54220B4-17ED-4AEB-B871-24CC1744D3F7}.Development Editor|Win32.ActiveCfg = BuiltWithUnrealBuildTool|Win32
		{C54220B4-17ED-4AEB-B871-24CC1744D3F7}.Development Editor|Win32.Build.0 = BuiltWithUnrealBuildTool|Win32
		{C54220B4-17ED-4AEB-B871-24CC1744D3F7}.Development Editor|Win64.ActiveCfg = BuiltWithUnrealBuildTool|Win32
		{C54220B4-17ED-4AEB-B871-24CC1744D3F7}.Development Editor|Win64.Build.0 = BuiltWithUnrealBuildTool|Win32
		{C54220B4-17ED-4AEB-B871-24CC1744D3F7}.Development|HTML5.ActiveCfg = BuiltWithUnrealBuildTool|Win32
		{C54220B4-17ED-4AEB-B871-24CC1744D3F7}.Development|HTML5.Build.0 = BuiltWithUnrealBuildTool|Win32
		{C54220B4-17ED-4AEB-B871-24CC1744D3F7}.Development|Win32.ActiveCfg = BuiltWithUnrealBuildTool|Win32
		{C54220B4-17ED-4AEB-B871-24CC1744D3F7}.Development|Win32.Build.0 = BuiltWithUnrealBuildTool|Win32
		{C54220B4-17ED-4AEB-B871-24CC1744D3F7}.Development|Win64.ActiveCfg = BuiltWithUnrealBuildTool|Win32
		{C54220B4-17ED-4AEB-B871-24CC1744D3F7}.Development|Win64.Build.0 = BuiltWithUnrealBuildTool|Win32
		{C54220B4-17ED-4AEB-B871-24CC1744D3F7}.Shipping|HTML5.ActiveCfg = BuiltWithUnrealBuildTool|Win32
		{C54220B4-17ED-4AEB-B871-24CC1744D3F7}.Shipping|HTML5.Build.0 = BuiltWithUnrealBuildTool|Win32
		{C54220B4-17ED-4AEB-B871-24CC1744D3F7}.Shipping|Win32.ActiveCfg = BuiltWithUnrealBuildTool|Win32
		{C54220B4-17ED-4AEB-B871-24CC1744D3F7}.Shipping|Win32.Build.0 = BuiltWithUnrealBuildTool|Win32
		{C54220B4-17ED-4AEB-B871-24CC1744D3F7}.Shipping|Win64.ActiveCfg = BuiltWithUnrealBuildTool|Win32
		{C54220B4-17ED-4AEB-B871-24CC1744D3F7}.Shipping|Win64.Build.0 = BuiltWithUnrealBuildTool|Win32
		{EB2FB9DA-BFE7-4E62-8177-E172C6B640F9}.DebugGame Editor|HTML5.ActiveCfg = HTML5_DebugGame_Editor|Win32
		{EB2FB9DA-BFE7-4E62-8177-E172C6B640F9}.DebugGame Editor|Win32.ActiveCfg = DebugGame_Editor|Win32
		{EB2FB9DA-BFE7-4E62-8177-E172C6B640F9}.DebugGame Editor|Win64.ActiveCfg = DebugGame_Editor|x64
		{EB2FB9DA-BFE7-4E62-8177-E172C6B640F9}.DebugGame Editor|Win64.Build.0 = DebugGame_Editor|x64
		{EB2FB9DA-BFE7-4E62-8177-E172C6B640F9}.DebugGame|HTML5.ActiveCfg = HTML5_DebugGame_Game|Win32
		{EB2FB9DA-BFE7-4E62-8177-E172C6B640F9}.DebugGame|HTML5.Build.0 = HTML5_DebugGame_Game|Win32
		{EB2FB9DA-BFE7-4E62-8177-E172C6B640F9}.DebugGame|Win32.ActiveCfg = DebugGame_Game|Win32
		{EB2FB9DA-BFE7-4E62-8177-E172C6B640F9}.DebugGame|Win32.Build.0 = DebugGame_Game|Win32
		{EB2FB9DA-BFE7-4E62-8177-E172C6B640F9}.DebugGame|Win64.ActiveCfg = DebugGame_Game|x64
		{EB2FB9DA-BFE7-4E62-8177-E172C6B640F9}.DebugGame|Win64.Build.0 = DebugGame_Game|x64
		{EB2FB9DA-BFE7-4E62-8177-E172C6B640F9}.Development Editor|HTML5.ActiveCfg = HTML5_Development_Editor|Win32
		{EB2FB9DA-BFE7-4E62-8177-E172C6B640F9}.Development Editor|Win32.ActiveCfg = Development_Editor|Win32
		{EB2FB9DA-BFE7-4E62-8177-E172C6B640F9}.Development Editor|Win64.ActiveCfg = Development_Editor|x64
		{EB2FB9DA-BFE7-4E62-8177-E172C6B640F9}.Development Editor|Win64.Build.0 = Development_Editor|x64
		{EB2FB9DA-BFE7-4E62-8177-E172C6B640F9}.Development|HTML5.ActiveCfg = HTML5_Development_Game|Win32
		{EB2FB9DA-BFE7-4E62-8177-E172C6B640F9}.Development|HTML5.Build.0 = HTML5_Development_Game|Win32
		{EB2FB9DA-BFE7-4E62-8177-E172C6B640F9}.Development|Win32.ActiveCfg = Development_Game|Win32
		{EB2FB9DA-BFE7-4E62-8177-E172C6B640F9}.Development|Win32.Build.0 = Development_Game|Win32
		{EB2FB9DA-BFE7-4E62-8177-E172C6B640F9}.Development|Win64.ActiveCfg = Development_Game|x64
		{EB2FB9DA-BFE7-4E62-8177-E172C6B640F9}.Development|Win64.Build.0 = Development_Game|x64
		{EB2FB9DA-BFE7-4E62-8177-E172C6B640F9}.Shipping|HTML5.ActiveCfg = HTML5_Shipping_Game|Win32
		{EB2FB9DA-BFE7-4E62-8177-E172C6B640F9}.Shipping|HTML5.Build.0 = HTML5_Shipping_Game|Win32
		{EB2FB9DA-BFE7-4E62-8177-E172C6B640F9}.Shipping|Win32.ActiveCfg = Shipping_Game|Win32
		{EB2FB9DA-BFE7-4E62-8177-E172C6B640F9}.Shipping|Win32.Build.0 = Shipping_Game|Win32
		{EB2FB9DA-BFE7-4E62-8177-E172C6B640F9}.Shipping|Win64.ActiveCfg = Shipping_Game|x64
		{EB2FB9DA-BFE7-4E62-8177-E172C6B640F9}.Shipping|Win64.Build.0 = Shipping_Game|x64
	EndGlobalSection
	GlobalSection(SolutionProperties) = preSolution
		HideSolutionNode = FALSE
	EndGlobalSection
	GlobalSection(NestedProjects) = preSolution
		{C54220B4-17ED-4AEB-B871-24CC1744D3F7} = {DC9B3936-7A35-4FB8-9207-139AA3660B3A}
		{EB2FB9DA-BFE7-4E62-8177-E172C6B640F9} = {E239BCDF-4C7A-46F9-A005-86376ECADAE5}
	EndGlobalSection
	GlobalSection(ExtensibilityGlobals) = postSolution
		SolutionGuid = {3D8AFE23-F5B0-4ECC-98D8-9F7BEEA14953}
	EndGlobalSection
EndGlobal
